{
  "version": 4,
  "terraform_version": "1.6.6",
  "serial": 73,
  "lineage": "cbf5ba9b-7793-2c13-6f25-48d360c3f31c",
  "outputs": {
    "domain_names": {
      "value": [
        "vijayshankerhotmail.onmicrosoft.com"
      ],
      "type": [
        "list",
        "string"
      ]
    }
  },
  "resources": [
    {
      "mode": "data",
      "type": "azuread_client_config",
      "name": "current",
      "provider": "provider[\"registry.terraform.io/hashicorp/azuread\"]",
      "instances": [
        {
          "schema_version": 0,
          "attributes": {
            "client_id": "04b07795-8ddb-461a-bbee-02f9e1bf7b46",
            "id": "c3aeffc9-290a-48aa-ad44-0c75fb1f72b6-04b07795-8ddb-461a-bbee-02f9e1bf7b46-58025c42-0c17-46ec-963e-a0242e7d1ef0",
            "object_id": "58025c42-0c17-46ec-963e-a0242e7d1ef0",
            "tenant_id": "c3aeffc9-290a-48aa-ad44-0c75fb1f72b6",
            "timeouts": null
          },
          "sensitive_attributes": []
        }
      ]
    },
    {
      "mode": "data",
      "type": "azuread_domains",
      "name": "aad_domains",
      "provider": "provider[\"registry.terraform.io/hashicorp/azuread\"]",
      "instances": [
        {
          "schema_version": 0,
          "attributes": {
            "admin_managed": null,
            "domains": [
              {
                "admin_managed": true,
                "authentication_type": "Managed",
                "default": true,
                "domain_name": "vijayshankerhotmail.onmicrosoft.com",
                "initial": true,
                "root": true,
                "supported_services": [
                  "Email",
                  "OfficeCommunicationsOnline"
                ],
                "verified": true
              }
            ],
            "id": "domains#c3aeffc9-290a-48aa-ad44-0c75fb1f72b6#MscQHbWVibWWN8eh5I_o5r5MzJ0=",
            "include_unverified": null,
            "only_default": null,
            "only_initial": null,
            "only_root": null,
            "supports_services": null,
            "timeouts": null
          },
          "sensitive_attributes": []
        }
      ]
    },
    {
      "mode": "data",
      "type": "azurerm_client_config",
      "name": "current",
      "provider": "provider[\"registry.terraform.io/hashicorp/azurerm\"]",
      "instances": [
        {
          "schema_version": 0,
          "attributes": {
            "client_id": "04b07795-8ddb-461a-bbee-02f9e1bf7b46",
            "id": "2024-01-14 05:24:04.5084773 +0000 UTC",
            "object_id": "58025c42-0c17-46ec-963e-a0242e7d1ef0",
            "subscription_id": "236127a3-01d4-4464-8222-16418b0b9c82",
            "tenant_id": "c3aeffc9-290a-48aa-ad44-0c75fb1f72b6",
            "timeouts": null
          },
          "sensitive_attributes": []
        }
      ]
    },
    {
      "mode": "managed",
      "type": "azuread_group",
      "name": "akvgroup",
      "provider": "provider[\"registry.terraform.io/hashicorp/azuread\"]",
      "instances": [
        {
          "schema_version": 0,
          "attributes": {
            "assignable_to_role": false,
            "behaviors": [],
            "description": "",
            "display_name": "akvgroup",
            "dynamic_membership": [],
            "id": "db3408b8-2426-42af-85c8-44408d044135",
            "mail": "",
            "mail_enabled": false,
            "mail_nickname": "0a785715-f",
            "members": [
              "58025c42-0c17-46ec-963e-a0242e7d1ef0"
            ],
            "object_id": "db3408b8-2426-42af-85c8-44408d044135",
            "onpremises_domain_name": "",
            "onpremises_netbios_name": "",
            "onpremises_sam_account_name": "",
            "onpremises_security_identifier": "",
            "onpremises_sync_enabled": false,
            "owners": [
              "58025c42-0c17-46ec-963e-a0242e7d1ef0"
            ],
            "preferred_language": "",
            "prevent_duplicate_names": false,
            "provisioning_options": [],
            "proxy_addresses": [],
            "security_enabled": true,
            "theme": "",
            "timeouts": null,
            "types": [],
            "visibility": ""
          },
          "sensitive_attributes": [
            [
              {
                "type": "get_attr",
                "value": "members"
              }
            ]
          ],
          "private": "eyJlMmJmYjczMC1lY2FhLTExZTYtOGY4OC0zNDM2M2JjN2M0YzAiOnsiY3JlYXRlIjoxMjAwMDAwMDAwMDAwLCJkZWxldGUiOjMwMDAwMDAwMDAwMCwicmVhZCI6MzAwMDAwMDAwMDAwLCJ1cGRhdGUiOjEyMDAwMDAwMDAwMDB9fQ==",
          "dependencies": [
            "data.azuread_client_config.current",
            "data.azurerm_client_config.current"
          ]
        }
      ]
    },
    {
      "mode": "managed",
      "type": "azurerm_resource_group",
      "name": "rg",
      "provider": "provider[\"registry.terraform.io/hashicorp/azurerm\"]",
      "instances": [
        {
          "schema_version": 0,
          "attributes": {
            "id": "/subscriptions/236127a3-01d4-4464-8222-16418b0b9c82/resourceGroups/tfstate-rg",
            "location": "eastus",
            "name": "tfstate-rg",
            "tags": {
              "Environment": "Terraform Getting Started",
              "Team": "DevOps"
            },
            "timeouts": null
          },
          "sensitive_attributes": [],
          "private": "eyJlMmJmYjczMC1lY2FhLTExZTYtOGY4OC0zNDM2M2JjN2M0YzAiOnsiY3JlYXRlIjo1NDAwMDAwMDAwMDAwLCJkZWxldGUiOjU0MDAwMDAwMDAwMDAsInJlYWQiOjMwMDAwMDAwMDAwMCwidXBkYXRlIjo1NDAwMDAwMDAwMDAwfX0="
        }
      ]
    },
    {
      "mode": "managed",
      "type": "azurerm_storage_account",
      "name": "azstorage",
      "provider": "provider[\"registry.terraform.io/hashicorp/azurerm\"]",
      "instances": [
        {
          "schema_version": 3,
          "attributes": {
            "access_tier": "Hot",
            "account_kind": "StorageV2",
            "account_replication_type": "LRS",
            "account_tier": "Standard",
            "allow_nested_items_to_be_public": true,
            "azure_files_authentication": [],
            "blob_properties": [
              {
                "change_feed_enabled": false,
                "container_delete_retention_policy": [],
                "cors_rule": [],
                "default_service_version": "",
                "delete_retention_policy": [],
                "last_access_time_enabled": false,
                "versioning_enabled": false
              }
            ],
            "custom_domain": [],
            "customer_managed_key": [],
            "edge_zone": "",
            "enable_https_traffic_only": true,
            "id": "/subscriptions/236127a3-01d4-4464-8222-16418b0b9c82/resourceGroups/tfstate-rg/providers/Microsoft.Storage/storageAccounts/teststoragestore",
            "identity": [],
            "infrastructure_encryption_enabled": false,
            "is_hns_enabled": false,
            "large_file_share_enabled": null,
            "location": "eastus",
            "min_tls_version": "TLS1_2",
            "name": "teststoragestore",
            "network_rules": [
              {
                "bypass": [
                  "AzureServices"
                ],
                "default_action": "Allow",
                "ip_rules": [],
                "private_link_access": [],
                "virtual_network_subnet_ids": []
              }
            ],
            "nfsv3_enabled": false,
            "primary_access_key": "4fyPBDcNPMMq7cAISz7scRsCxLjijsxrnrY4+9vouatyY1BvMu9gEYUIFr5FYFyapVZjNiJ3vFWX+AStf/s+bw==",
            "primary_blob_connection_string": "DefaultEndpointsProtocol=https;BlobEndpoint=https://teststoragestore.blob.core.windows.net/;AccountName=teststoragestore;AccountKey=4fyPBDcNPMMq7cAISz7scRsCxLjijsxrnrY4+9vouatyY1BvMu9gEYUIFr5FYFyapVZjNiJ3vFWX+AStf/s+bw==",
            "primary_blob_endpoint": "https://teststoragestore.blob.core.windows.net/",
            "primary_blob_host": "teststoragestore.blob.core.windows.net",
            "primary_connection_string": "DefaultEndpointsProtocol=https;AccountName=teststoragestore;AccountKey=4fyPBDcNPMMq7cAISz7scRsCxLjijsxrnrY4+9vouatyY1BvMu9gEYUIFr5FYFyapVZjNiJ3vFWX+AStf/s+bw==;EndpointSuffix=core.windows.net",
            "primary_dfs_endpoint": "https://teststoragestore.dfs.core.windows.net/",
            "primary_dfs_host": "teststoragestore.dfs.core.windows.net",
            "primary_file_endpoint": "https://teststoragestore.file.core.windows.net/",
            "primary_file_host": "teststoragestore.file.core.windows.net",
            "primary_location": "eastus",
            "primary_queue_endpoint": "https://teststoragestore.queue.core.windows.net/",
            "primary_queue_host": "teststoragestore.queue.core.windows.net",
            "primary_table_endpoint": "https://teststoragestore.table.core.windows.net/",
            "primary_table_host": "teststoragestore.table.core.windows.net",
            "primary_web_endpoint": "https://teststoragestore.z13.web.core.windows.net/",
            "primary_web_host": "teststoragestore.z13.web.core.windows.net",
            "queue_encryption_key_type": "Service",
            "queue_properties": [
              {
                "cors_rule": [],
                "hour_metrics": [
                  {
                    "enabled": true,
                    "include_apis": true,
                    "retention_policy_days": 7,
                    "version": "1.0"
                  }
                ],
                "logging": [
                  {
                    "delete": false,
                    "read": false,
                    "retention_policy_days": 0,
                    "version": "1.0",
                    "write": false
                  }
                ],
                "minute_metrics": [
                  {
                    "enabled": false,
                    "include_apis": false,
                    "retention_policy_days": 0,
                    "version": "1.0"
                  }
                ]
              }
            ],
            "resource_group_name": "tfstate-rg",
            "routing": [],
            "secondary_access_key": "7Tl5mzw1GTQ9KY1HGcgIdKirgHQHnf4i1JoLIq0wbUSHM90ijYs8liDPn2icIQ3ey3BEb1bYMZke+AStcAHy0Q==",
            "secondary_blob_connection_string": "",
            "secondary_blob_endpoint": null,
            "secondary_blob_host": null,
            "secondary_connection_string": "DefaultEndpointsProtocol=https;AccountName=teststoragestore;AccountKey=7Tl5mzw1GTQ9KY1HGcgIdKirgHQHnf4i1JoLIq0wbUSHM90ijYs8liDPn2icIQ3ey3BEb1bYMZke+AStcAHy0Q==;EndpointSuffix=core.windows.net",
            "secondary_dfs_endpoint": null,
            "secondary_dfs_host": null,
            "secondary_file_endpoint": null,
            "secondary_file_host": null,
            "secondary_location": "",
            "secondary_queue_endpoint": null,
            "secondary_queue_host": null,
            "secondary_table_endpoint": null,
            "secondary_table_host": null,
            "secondary_web_endpoint": null,
            "secondary_web_host": null,
            "share_properties": [
              {
                "cors_rule": [],
                "retention_policy": [
                  {
                    "days": 7
                  }
                ],
                "smb": []
              }
            ],
            "shared_access_key_enabled": true,
            "static_website": [],
            "table_encryption_key_type": "Service",
            "tags": {
              "environment": "staging"
            },
            "timeouts": null
          },
          "sensitive_attributes": [],
          "private": "eyJlMmJmYjczMC1lY2FhLTExZTYtOGY4OC0zNDM2M2JjN2M0YzAiOnsiY3JlYXRlIjozNjAwMDAwMDAwMDAwLCJkZWxldGUiOjM2MDAwMDAwMDAwMDAsInJlYWQiOjMwMDAwMDAwMDAwMCwidXBkYXRlIjozNjAwMDAwMDAwMDAwfSwic2NoZW1hX3ZlcnNpb24iOiIzIn0=",
          "dependencies": [
            "azurerm_resource_group.rg"
          ]
        }
      ]
    },
    {
      "mode": "managed",
      "type": "azurerm_storage_blob",
      "name": "terraform",
      "provider": "provider[\"registry.terraform.io/hashicorp/azurerm\"]",
      "instances": [
        {
          "schema_version": 1,
          "attributes": {
            "access_tier": "Hot",
            "cache_control": "",
            "content_md5": "",
            "content_type": "application/octet-stream",
            "id": "https://teststoragestore.blob.core.windows.net/test-store/terraform-file",
            "metadata": {},
            "name": "terraform-file",
            "parallelism": 8,
            "size": 0,
            "source": "main.tf",
            "source_content": null,
            "source_uri": null,
            "storage_account_name": "teststoragestore",
            "storage_container_name": "test-store",
            "timeouts": null,
            "type": "Block",
            "url": "https://teststoragestore.blob.core.windows.net/test-store/terraform-file"
          },
          "sensitive_attributes": [],
          "private": "eyJlMmJmYjczMC1lY2FhLTExZTYtOGY4OC0zNDM2M2JjN2M0YzAiOnsiY3JlYXRlIjoxODAwMDAwMDAwMDAwLCJkZWxldGUiOjE4MDAwMDAwMDAwMDAsInJlYWQiOjMwMDAwMDAwMDAwMCwidXBkYXRlIjoxODAwMDAwMDAwMDAwfSwic2NoZW1hX3ZlcnNpb24iOiIxIn0=",
          "dependencies": [
            "azurerm_resource_group.rg",
            "azurerm_storage_account.azstorage",
            "azurerm_storage_container.terraform"
          ]
        }
      ]
    },
    {
      "mode": "managed",
      "type": "azurerm_storage_container",
      "name": "terraform",
      "provider": "provider[\"registry.terraform.io/hashicorp/azurerm\"]",
      "instances": [
        {
          "schema_version": 1,
          "attributes": {
            "container_access_type": "blob",
            "has_immutability_policy": false,
            "has_legal_hold": false,
            "id": "https://teststoragestore.blob.core.windows.net/test-store",
            "metadata": {},
            "name": "test-store",
            "resource_manager_id": "/subscriptions/236127a3-01d4-4464-8222-16418b0b9c82/resourceGroups/tfstate-rg/providers/Microsoft.Storage/storageAccounts/teststoragestore/blobServices/default/containers/test-store",
            "storage_account_name": "teststoragestore",
            "timeouts": null
          },
          "sensitive_attributes": [],
          "private": "eyJlMmJmYjczMC1lY2FhLTExZTYtOGY4OC0zNDM2M2JjN2M0YzAiOnsiY3JlYXRlIjoxODAwMDAwMDAwMDAwLCJkZWxldGUiOjE4MDAwMDAwMDAwMDAsInJlYWQiOjMwMDAwMDAwMDAwMCwidXBkYXRlIjoxODAwMDAwMDAwMDAwfSwic2NoZW1hX3ZlcnNpb24iOiIxIn0=",
          "dependencies": [
            "azurerm_resource_group.rg",
            "azurerm_storage_account.azstorage"
          ]
        }
      ]
    },
    {
      "mode": "managed",
      "type": "azurerm_virtual_network",
      "name": "vnet",
      "provider": "provider[\"registry.terraform.io/hashicorp/azurerm\"]",
      "instances": [
        {
          "schema_version": 0,
          "attributes": {
            "address_space": [
              "10.0.0.0/16"
            ],
            "bgp_community": "",
            "ddos_protection_plan": [],
            "dns_servers": [],
            "edge_zone": "",
            "flow_timeout_in_minutes": 0,
            "guid": "b0712263-4b0c-4691-bd62-c2fc4ffb8060",
            "id": "/subscriptions/236127a3-01d4-4464-8222-16418b0b9c82/resourceGroups/tfstate-rg/providers/Microsoft.Network/virtualNetworks/myTFVnet",
            "location": "eastus",
            "name": "myTFVnet",
            "resource_group_name": "tfstate-rg",
            "subnet": [],
            "tags": {},
            "timeouts": null
          },
          "sensitive_attributes": [],
          "private": "eyJlMmJmYjczMC1lY2FhLTExZTYtOGY4OC0zNDM2M2JjN2M0YzAiOnsiY3JlYXRlIjoxODAwMDAwMDAwMDAwLCJkZWxldGUiOjE4MDAwMDAwMDAwMDAsInJlYWQiOjMwMDAwMDAwMDAwMCwidXBkYXRlIjoxODAwMDAwMDAwMDAwfX0=",
          "dependencies": [
            "azurerm_resource_group.rg"
          ]
        }
      ]
    }
  ],
  "check_results": null
}
